// !$*UTF8*$!
{
	archiveVersion = 1;
	classes = {
	};
	objectVersion = 50;
	objects = {

/* Begin PBXBuildFile section */
		CF625B3B2404E43A006D281D /* AppDelegate.swift in Sources */ = {isa = PBXBuildFile; fileRef = CF625B3A2404E43A006D281D /* AppDelegate.swift */; };
		CF625B3D2404E43A006D281D /* SceneDelegate.swift in Sources */ = {isa = PBXBuildFile; fileRef = CF625B3C2404E43A006D281D /* SceneDelegate.swift */; };
		CF625B442404E444006D281D /* Assets.xcassets in Resources */ = {isa = PBXBuildFile; fileRef = CF625B432404E444006D281D /* Assets.xcassets */; };
		CF625B472404E444006D281D /* LaunchScreen.storyboard in Resources */ = {isa = PBXBuildFile; fileRef = CF625B452404E444006D281D /* LaunchScreen.storyboard */; };
		CF625B502404E5BC006D281D /* HabitsTableViewController.swift in Sources */ = {isa = PBXBuildFile; fileRef = CF625B4E2404E5BC006D281D /* HabitsTableViewController.swift */; };
		CF625B512404E5BC006D281D /* HabitsTableViewController.xib in Resources */ = {isa = PBXBuildFile; fileRef = CF625B4F2404E5BC006D281D /* HabitsTableViewController.xib */; };
		CF625B542404E657006D281D /* UIViewControllerExtensions.swift in Sources */ = {isa = PBXBuildFile; fileRef = CF625B532404E657006D281D /* UIViewControllerExtensions.swift */; };
/* End PBXBuildFile section */

/* Begin PBXFileReference section */
		CF625B372404E43A006D281D /* habitual.app */ = {isa = PBXFileReference; explicitFileType = wrapper.application; includeInIndex = 0; path = habitual.app; sourceTree = BUILT_PRODUCTS_DIR; };
		CF625B3A2404E43A006D281D /* AppDelegate.swift */ = {isa = PBXFileReference; lastKnownFileType = sourcecode.swift; path = AppDelegate.swift; sourceTree = "<group>"; };
		CF625B3C2404E43A006D281D /* SceneDelegate.swift */ = {isa = PBXFileReference; lastKnownFileType = sourcecode.swift; path = SceneDelegate.swift; sourceTree = "<group>"; };
		CF625B432404E444006D281D /* Assets.xcassets */ = {isa = PBXFileReference; lastKnownFileType = folder.assetcatalog; path = Assets.xcassets; sourceTree = "<group>"; };
		CF625B462404E444006D281D /* Base */ = {isa = PBXFileReference; lastKnownFileType = file.storyboard; name = Base; path = Base.lproj/LaunchScreen.storyboard; sourceTree = "<group>"; };
		CF625B482404E444006D281D /* Info.plist */ = {isa = PBXFileReference; lastKnownFileType = text.plist.xml; path = Info.plist; sourceTree = "<group>"; };
		CF625B4E2404E5BC006D281D /* HabitsTableViewController.swift */ = {isa = PBXFileReference; lastKnownFileType = sourcecode.swift; path = HabitsTableViewController.swift; sourceTree = "<group>"; };
		CF625B4F2404E5BC006D281D /* HabitsTableViewController.xib */ = {isa = PBXFileReference; lastKnownFileType = file.xib; path = HabitsTableViewController.xib; sourceTree = "<group>"; };
		CF625B532404E657006D281D /* UIViewControllerExtensions.swift */ = {isa = PBXFileReference; lastKnownFileType = sourcecode.swift; path = UIViewControllerExtensions.swift; sourceTree = "<group>"; };
/* End PBXFileReference section */

/* Begin PBXFrameworksBuildPhase section */
		CF625B342404E43A006D281D /* Frameworks */ = {
			isa = PBXFrameworksBuildPhase;
			buildActionMask = 2147483647;
			files = (
			);
			runOnlyForDeploymentPostprocessing = 0;
		};
/* End PBXFrameworksBuildPhase section */

/* Begin PBXGroup section */
		CF625B2E2404E43A006D281D = {
			isa = PBXGroup;
			children = (
				CF625B392404E43A006D281D /* habitual */,
				CF625B382404E43A006D281D /* Products */,
			);
			sourceTree = "<group>";
		};
		CF625B382404E43A006D281D /* Products */ = {
			isa = PBXGroup;
			children = (
				CF625B372404E43A006D281D /* habitual.app */,
			);
			name = Products;
			sourceTree = "<group>";
		};
		CF625B392404E43A006D281D /* habitual */ = {
			isa = PBXGroup;
			children = (
				CF625B3A2404E43A006D281D /* AppDelegate.swift */,
				CF625B3C2404E43A006D281D /* SceneDelegate.swift */,
				CF625B522404E5EF006D281D /* Views */,
				CF625B432404E444006D281D /* Assets.xcassets */,
				CF625B452404E444006D281D /* LaunchScreen.storyboard */,
				CF625B482404E444006D281D /* Info.plist */,
				CF625B532404E657006D281D /* UIViewControllerExtensions.swift */,
			);
			path = habitual;
			sourceTree = "<group>";
		};
		CF625B522404E5EF006D281D /* Views */ = {
			isa = PBXGroup;
			children = (
				CF625B4E2404E5BC006D281D /* HabitsTableViewController.swift */,
				CF625B4F2404E5BC006D281D /* HabitsTableViewController.xib */,
			);
			path = Views;
			sourceTree = "<group>";
		};
/* End PBXGroup section */

/* Begin PBXNativeTarget section */
		CF625B362404E43A006D281D /* habitual */ = {
			isa = PBXNativeTarget;
			buildConfigurationList = CF625B4B2404E444006D281D /* Build configuration list for PBXNativeTarget "habitual" */;
			buildPhases = (
				CF625B332404E43A006D281D /* Sources */,
				CF625B342404E43A006D281D /* Frameworks */,
				CF625B352404E43A006D281D /* Resources */,
			);
			buildRules = (
			);
			dependencies = (
			);
			name = habitual;
			productName = habitual;
			productReference = CF625B372404E43A006D281D /* habitual.app */;
			productType = "com.apple.product-type.application";
		};
/* End PBXNativeTarget section */

/* Begin PBXProject section */
		CF625B2F2404E43A006D281D /* Project object */ = {
			isa = PBXProject;
			attributes = {
				LastSwiftUpdateCheck = 1130;
				LastUpgradeCheck = 1130;
				ORGANIZATIONNAME = "Anika Morris";
				TargetAttributes = {
					CF625B362404E43A006D281D = {
						CreatedOnToolsVersion = 11.3.1;
					};
				};
			};
			buildConfigurationList = CF625B322404E43A006D281D /* Build configuration list for PBXProject "habitual" */;
			compatibilityVersion = "Xcode 9.3";
			developmentRegion = en;
			hasScannedForEncodings = 0;
			knownRegions = (
				en,
				Base,
			);
			mainGroup = CF625B2E2404E43A006D281D;
			productRefGroup = CF625B382404E43A006D281D /* Products */;
			projectDirPath = "";
			projectRoot = "";
			targets = (
				CF625B362404E43A006D281D /* habitual */,
			);
		};
/* End PBXProject section */

/* Begin PBXResourcesBuildPhase section */
		CF625B352404E43A006D281D /* Resources */ = {
			isa = PBXResourcesBuildPhase;
			buildActionMask = 2147483647;
			files = (
				CF625B472404E444006D281D /* LaunchScreen.storyboard in Resources */,
				CF625B512404E5BC006D281D /* HabitsTableViewController.xib in Resources */,
				CF625B442404E444006D281D /* Assets.xcassets in Resources */,
			);
			runOnlyForDeploymentPostprocessing = 0;
		};
/* End PBXResourcesBuildPhase section */

/* Begin PBXSourcesBuildPhase section */
		CF625B332404E43A006D281D /* Sources */ = {
			isa = PBXSourcesBuildPhase;
			buildActionMask = 2147483647;
			files = (
				CF625B542404E657006D281D /* UIViewControllerExtensions.swift in Sources */,
				CF625B3B2404E43A006D281D /* AppDelegate.swift in Sources */,
				CF625B3D2404E43A006D281D /* SceneDelegate.swift in Sources */,
				CF625B502404E5BC006D281D /* HabitsTableViewController.swift in Sources */,
			);
			runOnlyForDeploymentPostprocessing = 0;
		};
/* End PBXSourcesBuildPhase section */

/* Begin PBXVariantGroup section */
		CF625B452404E444006D281D /* LaunchScreen.storyboard */ = {
			isa = PBXVariantGroup;
			children = (
				CF625B462404E444006D281D /* Base */,
			);
			name = LaunchScreen.storyboard;
			sourceTree = "<group>";
		};
/* End PBXVariantGroup section */

/* Begin XCBuildConfiguration section */
		CF625B492404E444006D281D /* Debug */ = {
			isa = XCBuildConfiguration;
			buildSettings = {
				ALWAYS_SEARCH_USER_PATHS = NO;
				CLANG_ANALYZER_NONNULL = YES;
				CLANG_ANALYZER_NUMBER_OBJECT_CONVERSION = YES_AGGRESSIVE;
				CLANG_CXX_LANGUAGE_STANDARD = "gnu++14";
				CLANG_CXX_LIBRARY = "libc++";
				CLANG_ENABLE_MODULES = YES;
				CLANG_ENABLE_OBJC_ARC = YES;
				CLANG_ENABLE_OBJC_WEAK = YES;
				CLANG_WARN_BLOCK_CAPTURE_AUTORELEASING = YES;
				CLANG_WARN_BOOL_CONVERSION = YES;
				CLANG_WARN_COMMA = YES;
				CLANG_WARN_CONSTANT_CONVERSION = YES;
				CLANG_WARN_DEPRECATED_OBJC_IMPLEMENTATIONS = YES;
				CLANG_WARN_DIRECT_OBJC_ISA_USAGE = YES_ERROR;
				CLANG_WARN_DOCUMENTATION_COMMENTS = YES;
				CLANG_WARN_EMPTY_BODY = YES;
				CLANG_WARN_ENUM_CONVERSION = YES;
				CLANG_WARN_INFINITE_RECURSION = YES;
				CLANG_WARN_INT_CONVERSION = YES;
				CLANG_WARN_NON_LITERAL_NULL_CONVERSION = YES;
				CLANG_WARN_OBJC_IMPLICIT_RETAIN_SELF = YES;
				CLANG_WARN_OBJC_LITERAL_CONVERSION = YES;
				CLANG_WARN_OBJC_ROOT_CLASS = YES_ERROR;
				CLANG_WARN_RANGE_LOOP_ANALYSIS = YES;
				CLANG_WARN_STRICT_PROTOTYPES = YES;
				CLANG_WARN_SUSPICIOUS_MOVE = YES;
				CLANG_WARN_UNGUARDED_AVAILABILITY = YES_AGGRESSIVE;
				CLANG_WARN_UNREACHABLE_CODE = YES;
				CLANG_WARN__DUPLICATE_METHOD_MATCH = YES;
				COPY_PHASE_STRIP = NO;
				DEBUG_INFORMATION_FORMAT = dwarf;
				ENABLE_STRICT_OBJC_MSGSEND = YES;
				ENABLE_TESTABILITY = YES;
				GCC_C_LANGUAGE_STANDARD = gnu11;
				GCC_DYNAMIC_NO_PIC = NO;
				GCC_NO_COMMON_BLOCKS = YES;
				GCC_OPTIMIZATION_LEVEL = 0;
				GCC_PREPROCESSOR_DEFINITIONS = (
					"DEBUG=1",
					"$(inherited)",
				);
				GCC_WARN_64_TO_32_BIT_CONVERSION = YES;
				GCC_WARN_ABOUT_RETURN_TYPE = YES_ERROR;
				GCC_WARN_UNDECLARED_SELECTOR = YES;
				GCC_WARN_UNINITIALIZED_AUTOS = YES_AGGRESSIVE;
				GCC_WARN_UNUSED_FUNCTION = YES;
				GCC_WARN_UNUSED_VARIABLE = YES;
				IPHONEOS_DEPLOYMENT_TARGET = 13.2;
				MTL_ENABLE_DEBUG_INFO = INCLUDE_SOURCE;
				MTL_FAST_MATH = YES;
				ONLY_ACTIVE_ARCH = YES;
				SDKROOT = iphoneos;
				SWIFT_ACTIVE_COMPILATION_CONDITIONS = DEBUG;
				SWIFT_OPTIMIZATION_LEVEL = "-Onone";
			};
			name = Debug;
		};
		CF625B4A2404E444006D281D /* Release */ = {
			isa = XCBuildConfiguration;
			buildSettings = {
				ALWAYS_SEARCH_USER_PATHS = NO;
				CLANG_ANALYZER_NONNULL = YES;
				CLANG_ANALYZER_NUMBER_OBJECT_CONVERSION = YES_AGGRESSIVE;
				CLANG_CXX_LANGUAGE_STANDARD = "gnu++14";
				CLANG_CXX_LIBRARY = "libc++";
				CLANG_ENABLE_MODULES = YES;
				CLANG_ENABLE_OBJC_ARC = YES;
				CLANG_ENABLE_OBJC_WEAK = YES;
				CLANG_WARN_BLOCK_CAPTURE_AUTORELEASING = YES;
				CLANG_WARN_BOOL_CONVERSION = YES;
				CLANG_WARN_COMMA = YES;
				CLANG_WARN_CONSTANT_CONVERSION = YES;
				CLANG_WARN_DEPRECATED_OBJC_IMPLEMENTATIONS = YES;
				CLANG_WARN_DIRECT_OBJC_ISA_USAGE = YES_ERROR;
				CLANG_WARN_DOCUMENTATION_COMMENTS = YES;
				CLANG_WARN_EMPTY_BODY = YES;
				CLANG_WARN_ENUM_CONVERSION = YES;
				CLANG_WARN_INFINITE_RECURSION = YES;
				CLANG_WARN_INT_CONVERSION = YES;
				CLANG_WARN_NON_LITERAL_NULL_CONVERSION = YES;
				CLANG_WARN_OBJC_IMPLICIT_RETAIN_SELF = YES;
				CLANG_WARN_OBJC_LITERAL_CONVERSION = YES;
				CLANG_WARN_OBJC_ROOT_CLASS = YES_ERROR;
				CLANG_WARN_RANGE_LOOP_ANALYSIS = YES;
				CLANG_WARN_STRICT_PROTOTYPES = YES;
				CLANG_WARN_SUSPICIOUS_MOVE = YES;
				CLANG_WARN_UNGUARDED_AVAILABILITY = YES_AGGRESSIVE;
				CLANG_WARN_UNREACHABLE_CODE = YES;
				CLANG_WARN__DUPLICATE_METHOD_MATCH = YES;
				COPY_PHASE_STRIP = NO;
				DEBUG_INFORMATION_FORMAT = "dwarf-with-dsym";
				ENABLE_NS_ASSERTIONS = NO;
				ENABLE_STRICT_OBJC_MSGSEND = YES;
				GCC_C_LANGUAGE_STANDARD = gnu11;
				GCC_NO_COMMON_BLOCKS = YES;
				GCC_WARN_64_TO_32_BIT_CONVERSION = YES;
				GCC_WARN_ABOUT_RETURN_TYPE = YES_ERROR;
				GCC_WARN_UNDECLARED_SELECTOR = YES;
				GCC_WARN_UNINITIALIZED_AUTOS = YES_AGGRESSIVE;
				GCC_WARN_UNUSED_FUNCTION = YES;
				GCC_WARN_UNUSED_VARIABLE = YES;
				IPHONEOS_DEPLOYMENT_TARGET = 13.2;
				MTL_ENABLE_DEBUG_INFO = NO;
				MTL_FAST_MATH = YES;
				SDKROOT = iphoneos;
				SWIFT_COMPILATION_MODE = wholemodule;
				SWIFT_OPTIMIZATION_LEVEL = "-O";
				VALIDATE_PRODUCT = YES;
			};
			name = Release;
		};
		CF625B4C2404E444006D281D /* Debug */ = {
			isa = XCBuildConfiguration;
			buildSettings = {
				ASSETCATALOG_COMPILER_APPICON_NAME = AppIcon;
				CODE_SIGN_STYLE = Automatic;
				DEVELOPMENT_TEAM = HXYM5H2DXG;
				INFOPLIST_FILE = habitual/Info.plist;
				LD_RUNPATH_SEARCH_PATHS = (
					"$(inherited)",
					"@executable_path/Frameworks",
				);
				PRODUCT_BUNDLE_IDENTIFIER = com.anikamorris.habitual;
				PRODUCT_NAME = "$(TARGET_NAME)";
				SWIFT_VERSION = 5.0;
				TARGETED_DEVICE_FAMILY = "1,2";
			};
			name = Debug;
		};
		CF625B4D2404E444006D281D /* Release */ = {
			isa = XCBuildConfiguration;
			buildSettings = {
				ASSETCATALOG_COMPILER_APPICON_NAME = AppIcon;
				CODE_SIGN_STYLE = Automatic;
				DEVELOPMENT_TEAM = HXYM5H2DXG;
				INFOPLIST_FILE = habitual/Info.plist;
				LD_RUNPATH_SEARCH_PATHS = (
					"$(inherited)",
					"@executable_path/Frameworks",
				);
				PRODUCT_BUNDLE_IDENTIFIER = com.anikamorris.habitual;
				PRODUCT_NAME = "$(TARGET_NAME)";
				SWIFT_VERSION = 5.0;
				TARGETED_DEVICE_FAMILY = "1,2";
			};
			name = Release;
		};
/* End XCBuildConfiguration section */

/* Begin XCConfigurationList section */
		CF625B322404E43A006D281D /* Build configuration list for PBXProject "habitual" */ = {
			isa = XCConfigurationList;
			buildConfigurations = (
				CF625B492404E444006D281D /* Debug */,
				CF625B4A2404E444006D281D /* Release */,
			);
			defaultConfigurationIsVisible = 0;
			defaultConfigurationName = Release;
		};
		CF625B4B2404E444006D281D /* Build configuration list for PBXNativeTarget "habitual" */ = {
			isa = XCConfigurationList;
			buildConfigurations = (
				CF625B4C2404E444006D281D /* Debug */,
				CF625B4D2404E444006D281D /* Release */,
			);
			defaultConfigurationIsVisible = 0;
			defaultConfigurationName = Release;
		};
/* End XCConfigurationList section */
	};
	rootObject = CF625B2F2404E43A006D281D /* Project object */;
}
